
Microsoft Visual Studio Solution File, Format Version 12.00
# Visual Studio Version 17
VisualStudioVersion = 17.11.35327.3
MinimumVisualStudioVersion = 10.0.40219.1
Project("{FAE04EC0-301F-11D3-BF4B-00C04F79EFBC}") = "DoAn1", "DoAn1.csproj", "{224D24DD-4A27-4B5A-AC5D-A2B7AD9AB00D}"
EndProject
Global
	GlobalSection(SolutionConfigurationPlatforms) = preSolution
		Debug|Any CPU = Debug|Any CPU
		Release|Any CPU = Release|Any CPU
	EndGlobalSection
	GlobalSection(ProjectConfigurationPlatforms) = postSolution
		{224D24DD-4A27-4B5A-AC5D-A2B7AD9AB00D}.Debug|Any CPU.ActiveCfg = Debug|Any CPU
		{224D24DD-4A27-4B5A-AC5D-A2B7AD9AB00D}.Debug|Any CPU.Build.0 = Debug|Any CPU
		{224D24DD-4A27-4B5A-AC5D-A2B7AD9AB00D}.Release|Any CPU.ActiveCfg = Release|Any CPU
		{224D24DD-4A27-4B5A-AC5D-A2B7AD9AB00D}.Release|Any CPU.Build.0 = Release|Any CPU
	EndGlobalSection
	GlobalSection(SolutionProperties) = preSolution
		HideSolutionNode = FALSE
	EndGlobalSection
	GlobalSection(ExtensibilityGlobals) = postSolution
		SolutionGuid = {863F89D0-28B9-477B-B029-1EC6EE891097}
	EndGlobalSection
EndGlobal
